
Microsoft Visual Studio Solution File, Format Version 12.00
# Visual Studio 14
VisualStudioVersion = 14.0.23107.0
MinimumVisualStudioVersion = 10.0.40219.1
Project("{FAE04EC0-301F-11D3-BF4B-00C04F79EFBC}") = "QiMata.Monitor.BandApp.Droid", "QiMata.Monitor.BandApp\QiMata.Monitor.BandApp.Droid\QiMata.Monitor.BandApp.Droid.csproj", "{69AC0FB1-3B5B-45E6-BA53-C806057AFDE2}"
EndProject
Project("{FAE04EC0-301F-11D3-BF4B-00C04F79EFBC}") = "QiMata.Monitor.BandApp.iOS", "QiMata.Monitor.BandApp\QiMata.Monitor.BandApp.iOS\QiMata.Monitor.BandApp.iOS.csproj", "{97DA416B-EBFA-4EEE-8DEC-F4E867FC7594}"
EndProject
Project("{FAE04EC0-301F-11D3-BF4B-00C04F79EFBC}") = "QiMata.Monitor.BandApp.WinPhone", "QiMata.Monitor.BandApp\QiMata.Monitor.BandApp.WinPhone\QiMata.Monitor.BandApp.WinPhone.csproj", "{C0DF375A-19BA-4FCB-A955-62927BFB4219}"
EndProject
Project("{FAE04EC0-301F-11D3-BF4B-00C04F79EFBC}") = "QiMata.Monitor.BandApp", "QiMata.Monitor.BandApp\QiMata.Monitor.BandApp\QiMata.Monitor.BandApp.csproj", "{2B379B21-B5D5-45BA-BE62-304D0B3093AD}"
EndProject
Project("{2150E333-8FDC-42A3-9474-1A3956D46DE8}") = "Mobile", "Mobile", "{D11EDEE9-B338-4FC1-BC67-AA67F2811444}"
EndProject
Global
	GlobalSection(SolutionConfigurationPlatforms) = preSolution
		Ad-Hoc|Any CPU = Ad-Hoc|Any CPU
		Ad-Hoc|ARM = Ad-Hoc|ARM
		Ad-Hoc|iPhone = Ad-Hoc|iPhone
		Ad-Hoc|iPhoneSimulator = Ad-Hoc|iPhoneSimulator
		Ad-Hoc|x86 = Ad-Hoc|x86
		AppStore|Any CPU = AppStore|Any CPU
		AppStore|ARM = AppStore|ARM
		AppStore|iPhone = AppStore|iPhone
		AppStore|iPhoneSimulator = AppStore|iPhoneSimulator
		AppStore|x86 = AppStore|x86
		Debug|Any CPU = Debug|Any CPU
		Debug|ARM = Debug|ARM
		Debug|iPhone = Debug|iPhone
		Debug|iPhoneSimulator = Debug|iPhoneSimulator
		Debug|x86 = Debug|x86
		Release|Any CPU = Release|Any CPU
		Release|ARM = Release|ARM
		Release|iPhone = Release|iPhone
		Release|iPhoneSimulator = Release|iPhoneSimulator
		Release|x86 = Release|x86
	EndGlobalSection
	GlobalSection(ProjectConfigurationPlatforms) = postSolution
		{69AC0FB1-3B5B-45E6-BA53-C806057AFDE2}.Ad-Hoc|Any CPU.ActiveCfg = Release|Any CPU
		{69AC0FB1-3B5B-45E6-BA53-C806057AFDE2}.Ad-Hoc|Any CPU.Build.0 = Release|Any CPU
		{69AC0FB1-3B5B-45E6-BA53-C806057AFDE2}.Ad-Hoc|Any CPU.Deploy.0 = Release|Any CPU
		{69AC0FB1-3B5B-45E6-BA53-C806057AFDE2}.Ad-Hoc|ARM.ActiveCfg = Release|Any CPU
		{69AC0FB1-3B5B-45E6-BA53-C806057AFDE2}.Ad-Hoc|ARM.Build.0 = Release|Any CPU
		{69AC0FB1-3B5B-45E6-BA53-C806057AFDE2}.Ad-Hoc|ARM.Deploy.0 = Release|Any CPU
		{69AC0FB1-3B5B-45E6-BA53-C806057AFDE2}.Ad-Hoc|iPhone.ActiveCfg = Release|Any CPU
		{69AC0FB1-3B5B-45E6-BA53-C806057AFDE2}.Ad-Hoc|iPhone.Build.0 = Release|Any CPU
		{69AC0FB1-3B5B-45E6-BA53-C806057AFDE2}.Ad-Hoc|iPhone.Deploy.0 = Release|Any CPU
		{69AC0FB1-3B5B-45E6-BA53-C806057AFDE2}.Ad-Hoc|iPhoneSimulator.ActiveCfg = Release|Any CPU
		{69AC0FB1-3B5B-45E6-BA53-C806057AFDE2}.Ad-Hoc|iPhoneSimulator.Build.0 = Release|Any CPU
		{69AC0FB1-3B5B-45E6-BA53-C806057AFDE2}.Ad-Hoc|iPhoneSimulator.Deploy.0 = Release|Any CPU
		{69AC0FB1-3B5B-45E6-BA53-C806057AFDE2}.Ad-Hoc|x86.ActiveCfg = Release|Any CPU
		{69AC0FB1-3B5B-45E6-BA53-C806057AFDE2}.Ad-Hoc|x86.Build.0 = Release|Any CPU
		{69AC0FB1-3B5B-45E6-BA53-C806057AFDE2}.Ad-Hoc|x86.Deploy.0 = Release|Any CPU
		{69AC0FB1-3B5B-45E6-BA53-C806057AFDE2}.AppStore|Any CPU.ActiveCfg = Release|Any CPU
		{69AC0FB1-3B5B-45E6-BA53-C806057AFDE2}.AppStore|Any CPU.Build.0 = Release|Any CPU
		{69AC0FB1-3B5B-45E6-BA53-C806057AFDE2}.AppStore|Any CPU.Deploy.0 = Release|Any CPU
		{69AC0FB1-3B5B-45E6-BA53-C806057AFDE2}.AppStore|ARM.ActiveCfg = Release|Any CPU
		{69AC0FB1-3B5B-45E6-BA53-C806057AFDE2}.AppStore|ARM.Build.0 = Release|Any CPU
		{69AC0FB1-3B5B-45E6-BA53-C806057AFDE2}.AppStore|ARM.Deploy.0 = Release|Any CPU
		{69AC0FB1-3B5B-45E6-BA53-C806057AFDE2}.AppStore|iPhone.ActiveCfg = Release|Any CPU
		{69AC0FB1-3B5B-45E6-BA53-C806057AFDE2}.AppStore|iPhone.Build.0 = Release|Any CPU
		{69AC0FB1-3B5B-45E6-BA53-C806057AFDE2}.AppStore|iPhone.Deploy.0 = Release|Any CPU
		{69AC0FB1-3B5B-45E6-BA53-C806057AFDE2}.AppStore|iPhoneSimulator.ActiveCfg = Release|Any CPU
		{69AC0FB1-3B5B-45E6-BA53-C806057AFDE2}.AppStore|iPhoneSimulator.Build.0 = Release|Any CPU
		{69AC0FB1-3B5B-45E6-BA53-C806057AFDE2}.AppStore|iPhoneSimulator.Deploy.0 = Release|Any CPU
		{69AC0FB1-3B5B-45E6-BA53-C806057AFDE2}.AppStore|x86.ActiveCfg = Release|Any CPU
		{69AC0FB1-3B5B-45E6-BA53-C806057AFDE2}.AppStore|x86.Build.0 = Release|Any CPU
		{69AC0FB1-3B5B-45E6-BA53-C806057AFDE2}.AppStore|x86.Deploy.0 = Release|Any CPU
		{69AC0FB1-3B5B-45E6-BA53-C806057AFDE2}.Debug|Any CPU.ActiveCfg = Debug|Any CPU
		{69AC0FB1-3B5B-45E6-BA53-C806057AFDE2}.Debug|Any CPU.Build.0 = Debug|Any CPU
		{69AC0FB1-3B5B-45E6-BA53-C806057AFDE2}.Debug|Any CPU.Deploy.0 = Debug|Any CPU
		{69AC0FB1-3B5B-45E6-BA53-C806057AFDE2}.Debug|ARM.ActiveCfg = Debug|Any CPU
		{69AC0FB1-3B5B-45E6-BA53-C806057AFDE2}.Debug|ARM.Build.0 = Debug|Any CPU
		{69AC0FB1-3B5B-45E6-BA53-C806057AFDE2}.Debug|ARM.Deploy.0 = Debug|Any CPU
		{69AC0FB1-3B5B-45E6-BA53-C806057AFDE2}.Debug|iPhone.ActiveCfg = Debug|Any CPU
		{69AC0FB1-3B5B-45E6-BA53-C806057AFDE2}.Debug|iPhone.Build.0 = Debug|Any CPU
		{69AC0FB1-3B5B-45E6-BA53-C806057AFDE2}.Debug|iPhone.Deploy.0 = Debug|Any CPU
		{69AC0FB1-3B5B-45E6-BA53-C806057AFDE2}.Debug|iPhoneSimulator.ActiveCfg = Debug|Any CPU
		{69AC0FB1-3B5B-45E6-BA53-C806057AFDE2}.Debug|iPhoneSimulator.Build.0 = Debug|Any CPU
		{69AC0FB1-3B5B-45E6-BA53-C806057AFDE2}.Debug|iPhoneSimulator.Deploy.0 = Debug|Any CPU
		{69AC0FB1-3B5B-45E6-BA53-C806057AFDE2}.Debug|x86.ActiveCfg = Debug|Any CPU
		{69AC0FB1-3B5B-45E6-BA53-C806057AFDE2}.Debug|x86.Build.0 = Debug|Any CPU
		{69AC0FB1-3B5B-45E6-BA53-C806057AFDE2}.Debug|x86.Deploy.0 = Debug|Any CPU
		{69AC0FB1-3B5B-45E6-BA53-C806057AFDE2}.Release|Any CPU.ActiveCfg = Release|Any CPU
		{69AC0FB1-3B5B-45E6-BA53-C806057AFDE2}.Release|Any CPU.Build.0 = Release|Any CPU
		{69AC0FB1-3B5B-45E6-BA53-C806057AFDE2}.Release|Any CPU.Deploy.0 = Release|Any CPU
		{69AC0FB1-3B5B-45E6-BA53-C806057AFDE2}.Release|ARM.ActiveCfg = Release|Any CPU
		{69AC0FB1-3B5B-45E6-BA53-C806057AFDE2}.Release|ARM.Build.0 = Release|Any CPU
		{69AC0FB1-3B5B-45E6-BA53-C806057AFDE2}.Release|ARM.Deploy.0 = Release|Any CPU
		{69AC0FB1-3B5B-45E6-BA53-C806057AFDE2}.Release|iPhone.ActiveCfg = Release|Any CPU
		{69AC0FB1-3B5B-45E6-BA53-C806057AFDE2}.Release|iPhone.Build.0 = Release|Any CPU
		{69AC0FB1-3B5B-45E6-BA53-C806057AFDE2}.Release|iPhone.Deploy.0 = Release|Any CPU
		{69AC0FB1-3B5B-45E6-BA53-C806057AFDE2}.Release|iPhoneSimulator.ActiveCfg = Release|Any CPU
		{69AC0FB1-3B5B-45E6-BA53-C806057AFDE2}.Release|iPhoneSimulator.Build.0 = Release|Any CPU
		{69AC0FB1-3B5B-45E6-BA53-C806057AFDE2}.Release|iPhoneSimulator.Deploy.0 = Release|Any CPU
		{69AC0FB1-3B5B-45E6-BA53-C806057AFDE2}.Release|x86.ActiveCfg = Release|Any CPU
		{69AC0FB1-3B5B-45E6-BA53-C806057AFDE2}.Release|x86.Build.0 = Release|Any CPU
		{69AC0FB1-3B5B-45E6-BA53-C806057AFDE2}.Release|x86.Deploy.0 = Release|Any CPU
		{97DA416B-EBFA-4EEE-8DEC-F4E867FC7594}.Ad-Hoc|Any CPU.ActiveCfg = Ad-Hoc|iPhone
		{97DA416B-EBFA-4EEE-8DEC-F4E867FC7594}.Ad-Hoc|ARM.ActiveCfg = Ad-Hoc|iPhone
		{97DA416B-EBFA-4EEE-8DEC-F4E867FC7594}.Ad-Hoc|iPhone.ActiveCfg = Ad-Hoc|iPhone
		{97DA416B-EBFA-4EEE-8DEC-F4E867FC7594}.Ad-Hoc|iPhone.Build.0 = Ad-Hoc|iPhone
		{97DA416B-EBFA-4EEE-8DEC-F4E867FC7594}.Ad-Hoc|iPhoneSimulator.ActiveCfg = Ad-Hoc|iPhoneSimulator
		{97DA416B-EBFA-4EEE-8DEC-F4E867FC7594}.Ad-Hoc|iPhoneSimulator.Build.0 = Ad-Hoc|iPhoneSimulator
		{97DA416B-EBFA-4EEE-8DEC-F4E867FC7594}.Ad-Hoc|x86.ActiveCfg = Ad-Hoc|iPhone
		{97DA416B-EBFA-4EEE-8DEC-F4E867FC7594}.AppStore|Any CPU.ActiveCfg = AppStore|iPhone
		{97DA416B-EBFA-4EEE-8DEC-F4E867FC7594}.AppStore|ARM.ActiveCfg = AppStore|iPhone
		{97DA416B-EBFA-4EEE-8DEC-F4E867FC7594}.AppStore|iPhone.ActiveCfg = AppStore|iPhone
		{97DA416B-EBFA-4EEE-8DEC-F4E867FC7594}.AppStore|iPhone.Build.0 = AppStore|iPhone
		{97DA416B-EBFA-4EEE-8DEC-F4E867FC7594}.AppStore|iPhoneSimulator.ActiveCfg = AppStore|iPhoneSimulator
		{97DA416B-EBFA-4EEE-8DEC-F4E867FC7594}.AppStore|iPhoneSimulator.Build.0 = AppStore|iPhoneSimulator
		{97DA416B-EBFA-4EEE-8DEC-F4E867FC7594}.AppStore|x86.ActiveCfg = AppStore|iPhone
		{97DA416B-EBFA-4EEE-8DEC-F4E867FC7594}.Debug|Any CPU.ActiveCfg = Debug|iPhone
		{97DA416B-EBFA-4EEE-8DEC-F4E867FC7594}.Debug|ARM.ActiveCfg = Debug|iPhone
		{97DA416B-EBFA-4EEE-8DEC-F4E867FC7594}.Debug|iPhone.ActiveCfg = Debug|iPhone
		{97DA416B-EBFA-4EEE-8DEC-F4E867FC7594}.Debug|iPhone.Build.0 = Debug|iPhone
		{97DA416B-EBFA-4EEE-8DEC-F4E867FC7594}.Debug|iPhoneSimulator.ActiveCfg = Debug|iPhoneSimulator
		{97DA416B-EBFA-4EEE-8DEC-F4E867FC7594}.Debug|iPhoneSimulator.Build.0 = Debug|iPhoneSimulator
		{97DA416B-EBFA-4EEE-8DEC-F4E867FC7594}.Debug|x86.ActiveCfg = Debug|iPhone
		{97DA416B-EBFA-4EEE-8DEC-F4E867FC7594}.Release|Any CPU.ActiveCfg = Release|iPhone
		{97DA416B-EBFA-4EEE-8DEC-F4E867FC7594}.Release|ARM.ActiveCfg = Release|iPhone
		{97DA416B-EBFA-4EEE-8DEC-F4E867FC7594}.Release|iPhone.ActiveCfg = Release|iPhone
		{97DA416B-EBFA-4EEE-8DEC-F4E867FC7594}.Release|iPhone.Build.0 = Release|iPhone
		{97DA416B-EBFA-4EEE-8DEC-F4E867FC7594}.Release|iPhoneSimulator.ActiveCfg = Release|iPhoneSimulator
		{97DA416B-EBFA-4EEE-8DEC-F4E867FC7594}.Release|iPhoneSimulator.Build.0 = Release|iPhoneSimulator
		{97DA416B-EBFA-4EEE-8DEC-F4E867FC7594}.Release|x86.ActiveCfg = Release|iPhone
		{C0DF375A-19BA-4FCB-A955-62927BFB4219}.Ad-Hoc|Any CPU.ActiveCfg = Release|Any CPU
		{C0DF375A-19BA-4FCB-A955-62927BFB4219}.Ad-Hoc|Any CPU.Build.0 = Release|Any CPU
		{C0DF375A-19BA-4FCB-A955-62927BFB4219}.Ad-Hoc|Any CPU.Deploy.0 = Release|Any CPU
		{C0DF375A-19BA-4FCB-A955-62927BFB4219}.Ad-Hoc|ARM.ActiveCfg = Release|ARM
		{C0DF375A-19BA-4FCB-A955-62927BFB4219}.Ad-Hoc|ARM.Build.0 = Release|ARM
		{C0DF375A-19BA-4FCB-A955-62927BFB4219}.Ad-Hoc|ARM.Deploy.0 = Release|ARM
		{C0DF375A-19BA-4FCB-A955-62927BFB4219}.Ad-Hoc|iPhone.ActiveCfg = Release|Any CPU
		{C0DF375A-19BA-4FCB-A955-62927BFB4219}.Ad-Hoc|iPhone.Build.0 = Release|Any CPU
		{C0DF375A-19BA-4FCB-A955-62927BFB4219}.Ad-Hoc|iPhone.Deploy.0 = Release|Any CPU
		{C0DF375A-19BA-4FCB-A955-62927BFB4219}.Ad-Hoc|iPhoneSimulator.ActiveCfg = Release|Any CPU
		{C0DF375A-19BA-4FCB-A955-62927BFB4219}.Ad-Hoc|iPhoneSimulator.Build.0 = Release|Any CPU
		{C0DF375A-19BA-4FCB-A955-62927BFB4219}.Ad-Hoc|iPhoneSimulator.Deploy.0 = Release|Any CPU
		{C0DF375A-19BA-4FCB-A955-62927BFB4219}.Ad-Hoc|x86.ActiveCfg = Release|x86
		{C0DF375A-19BA-4FCB-A955-62927BFB4219}.Ad-Hoc|x86.Build.0 = Release|x86
		{C0DF375A-19BA-4FCB-A955-62927BFB4219}.Ad-Hoc|x86.Deploy.0 = Release|x86
		{C0DF375A-19BA-4FCB-A955-62927BFB4219}.AppStore|Any CPU.ActiveCfg = Release|Any CPU
		{C0DF375A-19BA-4FCB-A955-62927BFB4219}.AppStore|Any CPU.Build.0 = Release|Any CPU
		{C0DF375A-19BA-4FCB-A955-62927BFB4219}.AppStore|Any CPU.Deploy.0 = Release|Any CPU
		{C0DF375A-19BA-4FCB-A955-62927BFB4219}.AppStore|ARM.ActiveCfg = Release|ARM
		{C0DF375A-19BA-4FCB-A955-62927BFB4219}.AppStore|ARM.Build.0 = Release|ARM
		{C0DF375A-19BA-4FCB-A955-62927BFB4219}.AppStore|ARM.Deploy.0 = Release|ARM
		{C0DF375A-19BA-4FCB-A955-62927BFB4219}.AppStore|iPhone.ActiveCfg = Release|Any CPU
		{C0DF375A-19BA-4FCB-A955-62927BFB4219}.AppStore|iPhone.Build.0 = Release|Any CPU
		{C0DF375A-19BA-4FCB-A955-62927BFB4219}.AppStore|iPhone.Deploy.0 = Release|Any CPU
		{C0DF375A-19BA-4FCB-A955-62927BFB4219}.AppStore|iPhoneSimulator.ActiveCfg = Release|Any CPU
		{C0DF375A-19BA-4FCB-A955-62927BFB4219}.AppStore|iPhoneSimulator.Build.0 = Release|Any CPU
		{C0DF375A-19BA-4FCB-A955-62927BFB4219}.AppStore|iPhoneSimulator.Deploy.0 = Release|Any CPU
		{C0DF375A-19BA-4FCB-A955-62927BFB4219}.AppStore|x86.ActiveCfg = Release|x86
		{C0DF375A-19BA-4FCB-A955-62927BFB4219}.AppStore|x86.Build.0 = Release|x86
		{C0DF375A-19BA-4FCB-A955-62927BFB4219}.AppStore|x86.Deploy.0 = Release|x86
		{C0DF375A-19BA-4FCB-A955-62927BFB4219}.Debug|Any CPU.ActiveCfg = Debug|Any CPU
		{C0DF375A-19BA-4FCB-A955-62927BFB4219}.Debug|Any CPU.Build.0 = Debug|Any CPU
		{C0DF375A-19BA-4FCB-A955-62927BFB4219}.Debug|Any CPU.Deploy.0 = Debug|Any CPU
		{C0DF375A-19BA-4FCB-A955-62927BFB4219}.Debug|ARM.ActiveCfg = Debug|ARM
		{C0DF375A-19BA-4FCB-A955-62927BFB4219}.Debug|ARM.Build.0 = Debug|ARM
		{C0DF375A-19BA-4FCB-A955-62927BFB4219}.Debug|ARM.Deploy.0 = Debug|ARM
		{C0DF375A-19BA-4FCB-A955-62927BFB4219}.Debug|iPhone.ActiveCfg = Debug|Any CPU
		{C0DF375A-19BA-4FCB-A955-62927BFB4219}.Debug|iPhone.Build.0 = Debug|Any CPU
		{C0DF375A-19BA-4FCB-A955-62927BFB4219}.Debug|iPhone.Deploy.0 = Debug|Any CPU
		{C0DF375A-19BA-4FCB-A955-62927BFB4219}.Debug|iPhoneSimulator.ActiveCfg = Debug|Any CPU
		{C0DF375A-19BA-4FCB-A955-62927BFB4219}.Debug|iPhoneSimulator.Build.0 = Debug|Any CPU
		{C0DF375A-19BA-4FCB-A955-62927BFB4219}.Debug|iPhoneSimulator.Deploy.0 = Debug|Any CPU
		{C0DF375A-19BA-4FCB-A955-62927BFB4219}.Debug|x86.ActiveCfg = Debug|x86
		{C0DF375A-19BA-4FCB-A955-62927BFB4219}.Debug|x86.Build.0 = Debug|x86
		{C0DF375A-19BA-4FCB-A955-62927BFB4219}.Debug|x86.Deploy.0 = Debug|x86
		{C0DF375A-19BA-4FCB-A955-62927BFB4219}.Release|Any CPU.ActiveCfg = Release|Any CPU
		{C0DF375A-19BA-4FCB-A955-62927BFB4219}.Release|Any CPU.Build.0 = Release|Any CPU
		{C0DF375A-19BA-4FCB-A955-62927BFB4219}.Release|Any CPU.Deploy.0 = Release|Any CPU
		{C0DF375A-19BA-4FCB-A955-62927BFB4219}.Release|ARM.ActiveCfg = Release|ARM
		{C0DF375A-19BA-4FCB-A955-62927BFB4219}.Release|ARM.Build.0 = Release|ARM
		{C0DF375A-19BA-4FCB-A955-62927BFB4219}.Release|ARM.Deploy.0 = Release|ARM
		{C0DF375A-19BA-4FCB-A955-62927BFB4219}.Release|iPhone.ActiveCfg = Release|Any CPU
		{C0DF375A-19BA-4FCB-A955-62927BFB4219}.Release|iPhone.Build.0 = Release|Any CPU
		{C0DF375A-19BA-4FCB-A955-62927BFB4219}.Release|iPhone.Deploy.0 = Release|Any CPU
		{C0DF375A-19BA-4FCB-A955-62927BFB4219}.Release|iPhoneSimulator.ActiveCfg = Release|Any CPU
		{C0DF375A-19BA-4FCB-A955-62927BFB4219}.Release|iPhoneSimulator.Build.0 = Release|Any CPU
		{C0DF375A-19BA-4FCB-A955-62927BFB4219}.Release|iPhoneSimulator.Deploy.0 = Release|Any CPU
		{C0DF375A-19BA-4FCB-A955-62927BFB4219}.Release|x86.ActiveCfg = Release|x86
		{C0DF375A-19BA-4FCB-A955-62927BFB4219}.Release|x86.Build.0 = Release|x86
		{C0DF375A-19BA-4FCB-A955-62927BFB4219}.Release|x86.Deploy.0 = Release|x86
		{2B379B21-B5D5-45BA-BE62-304D0B3093AD}.Ad-Hoc|Any CPU.ActiveCfg = Release|Any CPU
		{2B379B21-B5D5-45BA-BE62-304D0B3093AD}.Ad-Hoc|Any CPU.Build.0 = Release|Any CPU
		{2B379B21-B5D5-45BA-BE62-304D0B3093AD}.Ad-Hoc|ARM.ActiveCfg = Release|Any CPU
		{2B379B21-B5D5-45BA-BE62-304D0B3093AD}.Ad-Hoc|ARM.Build.0 = Release|Any CPU
		{2B379B21-B5D5-45BA-BE62-304D0B3093AD}.Ad-Hoc|iPhone.ActiveCfg = Release|Any CPU
		{2B379B21-B5D5-45BA-BE62-304D0B3093AD}.Ad-Hoc|iPhone.Build.0 = Release|Any CPU
		{2B379B21-B5D5-45BA-BE62-304D0B3093AD}.Ad-Hoc|iPhoneSimulator.ActiveCfg = Release|Any CPU
		{2B379B21-B5D5-45BA-BE62-304D0B3093AD}.Ad-Hoc|iPhoneSimulator.Build.0 = Release|Any CPU
		{2B379B21-B5D5-45BA-BE62-304D0B3093AD}.Ad-Hoc|x86.ActiveCfg = Release|Any CPU
		{2B379B21-B5D5-45BA-BE62-304D0B3093AD}.Ad-Hoc|x86.Build.0 = Release|Any CPU
		{2B379B21-B5D5-45BA-BE62-304D0B3093AD}.AppStore|Any CPU.ActiveCfg = Release|Any CPU
		{2B379B21-B5D5-45BA-BE62-304D0B3093AD}.AppStore|Any CPU.Build.0 = Release|Any CPU
		{2B379B21-B5D5-45BA-BE62-304D0B3093AD}.AppStore|ARM.ActiveCfg = Release|Any CPU
		{2B379B21-B5D5-45BA-BE62-304D0B3093AD}.AppStore|ARM.Build.0 = Release|Any CPU
		{2B379B21-B5D5-45BA-BE62-304D0B3093AD}.AppStore|iPhone.ActiveCfg = Release|Any CPU
		{2B379B21-B5D5-45BA-BE62-304D0B3093AD}.AppStore|iPhone.Build.0 = Release|Any CPU
		{2B379B21-B5D5-45BA-BE62-304D0B3093AD}.AppStore|iPhoneSimulator.ActiveCfg = Release|Any CPU
		{2B379B21-B5D5-45BA-BE62-304D0B3093AD}.AppStore|iPhoneSimulator.Build.0 = Release|Any CPU
		{2B379B21-B5D5-45BA-BE62-304D0B3093AD}.AppStore|x86.ActiveCfg = Release|Any CPU
		{2B379B21-B5D5-45BA-BE62-304D0B3093AD}.AppStore|x86.Build.0 = Release|Any CPU
		{2B379B21-B5D5-45BA-BE62-304D0B3093AD}.Debug|Any CPU.ActiveCfg = Debug|Any CPU
		{2B379B21-B5D5-45BA-BE62-304D0B3093AD}.Debug|Any CPU.Build.0 = Debug|Any CPU
		{2B379B21-B5D5-45BA-BE62-304D0B3093AD}.Debug|ARM.ActiveCfg = Debug|Any CPU
		{2B379B21-B5D5-45BA-BE62-304D0B3093AD}.Debug|ARM.Build.0 = Debug|Any CPU
		{2B379B21-B5D5-45BA-BE62-304D0B3093AD}.Debug|iPhone.ActiveCfg = Debug|Any CPU
		{2B379B21-B5D5-45BA-BE62-304D0B3093AD}.Debug|iPhone.Build.0 = Debug|Any CPU
		{2B379B21-B5D5-45BA-BE62-304D0B3093AD}.Debug|iPhoneSimulator.ActiveCfg = Debug|Any CPU
		{2B379B21-B5D5-45BA-BE62-304D0B3093AD}.Debug|iPhoneSimulator.Build.0 = Debug|Any CPU
		{2B379B21-B5D5-45BA-BE62-304D0B3093AD}.Debug|x86.ActiveCfg = Debug|Any CPU
		{2B379B21-B5D5-45BA-BE62-304D0B3093AD}.Debug|x86.Build.0 = Debug|Any CPU
		{2B379B21-B5D5-45BA-BE62-304D0B3093AD}.Release|Any CPU.ActiveCfg = Release|Any CPU
		{2B379B21-B5D5-45BA-BE62-304D0B3093AD}.Release|Any CPU.Build.0 = Release|Any CPU
		{2B379B21-B5D5-45BA-BE62-304D0B3093AD}.Release|ARM.ActiveCfg = Release|Any CPU
		{2B379B21-B5D5-45BA-BE62-304D0B3093AD}.Release|ARM.Build.0 = Release|Any CPU
		{2B379B21-B5D5-45BA-BE62-304D0B3093AD}.Release|iPhone.ActiveCfg = Release|Any CPU
		{2B379B21-B5D5-45BA-BE62-304D0B3093AD}.Release|iPhone.Build.0 = Release|Any CPU
		{2B379B21-B5D5-45BA-BE62-304D0B3093AD}.Release|iPhoneSimulator.ActiveCfg = Release|Any CPU
		{2B379B21-B5D5-45BA-BE62-304D0B3093AD}.Release|iPhoneSimulator.Build.0 = Release|Any CPU
		{2B379B21-B5D5-45BA-BE62-304D0B3093AD}.Release|x86.ActiveCfg = Release|Any CPU
		{2B379B21-B5D5-45BA-BE62-304D0B3093AD}.Release|x86.Build.0 = Release|Any CPU
	EndGlobalSection
	GlobalSection(SolutionProperties) = preSolution
		HideSolutionNode = FALSE
	EndGlobalSection
	GlobalSection(NestedProjects) = preSolution
		{69AC0FB1-3B5B-45E6-BA53-C806057AFDE2} = {D11EDEE9-B338-4FC1-BC67-AA67F2811444}
		{97DA416B-EBFA-4EEE-8DEC-F4E867FC7594} = {D11EDEE9-B338-4FC1-BC67-AA67F2811444}
		{C0DF375A-19BA-4FCB-A955-62927BFB4219} = {D11EDEE9-B338-4FC1-BC67-AA67F2811444}
	EndGlobalSection
EndGlobal
